Microsoft Visual Studio Solution File, Format Version 12.00
# Visual Studio Version 17
VisualStudioVersion = 17.5.2.0
MinimumVisualStudioVersion = 10.0.40219.1
Project("{FAE04EC0-301F-11D3-BF4B-00C04F79EFBC}") = "Assessment1", "Assessment1\Assessment1.csproj", "{9B5FE6AB-B702-2DAA-CA6C-C9994129C1C2}"
EndProject
Project("{FAE04EC0-301F-11D3-BF4B-00C04F79EFBC}") = "Assessment2", "Assessment2\Assessment2.csproj", "{B758F161-B8F0-6E5F-B6E3-84819CEA6989}"
EndProject
Project("{FAE04EC0-301F-11D3-BF4B-00C04F79EFBC}") = "Assessment3", "Assessment3\Assessment3.csproj", "{A192D874-1311-F46D-D09E-73CF27D4C6BE}"
EndProject
Global
	GlobalSection(SolutionConfigurationPlatforms) = preSolution
		Debug|Any CPU = Debug|Any CPU
		Release|Any CPU = Release|Any CPU
	EndGlobalSection
	GlobalSection(ProjectConfigurationPlatforms) = postSolution
		{9B5FE6AB-B702-2DAA-CA6C-C9994129C1C2}.Debug|Any CPU.ActiveCfg = Debug|Any CPU
		{9B5FE6AB-B702-2DAA-CA6C-C9994129C1C2}.Debug|Any CPU.Build.0 = Debug|Any CPU
		{9B5FE6AB-B702-2DAA-CA6C-C9994129C1C2}.Release|Any CPU.ActiveCfg = Release|Any CPU
		{9B5FE6AB-B702-2DAA-CA6C-C9994129C1C2}.Release|Any CPU.Build.0 = Release|Any CPU
		{B758F161-B8F0-6E5F-B6E3-84819CEA6989}.Debug|Any CPU.ActiveCfg = Debug|Any CPU
		{B758F161-B8F0-6E5F-B6E3-84819CEA6989}.Debug|Any CPU.Build.0 = Debug|Any CPU
		{B758F161-B8F0-6E5F-B6E3-84819CEA6989}.Release|Any CPU.ActiveCfg = Release|Any CPU
		{B758F161-B8F0-6E5F-B6E3-84819CEA6989}.Release|Any CPU.Build.0 = Release|Any CPU
		{A192D874-1311-F46D-D09E-73CF27D4C6BE}.Debug|Any CPU.ActiveCfg = Debug|Any CPU
		{A192D874-1311-F46D-D09E-73CF27D4C6BE}.Debug|Any CPU.Build.0 = Debug|Any CPU
		{A192D874-1311-F46D-D09E-73CF27D4C6BE}.Release|Any CPU.ActiveCfg = Release|Any CPU
		{A192D874-1311-F46D-D09E-73CF27D4C6BE}.Release|Any CPU.Build.0 = Release|Any CPU
	EndGlobalSection
	GlobalSection(SolutionProperties) = preSolution
		HideSolutionNode = FALSE
	EndGlobalSection
	GlobalSection(ExtensibilityGlobals) = postSolution
		SolutionGuid = {49CBF672-9BA1-49AF-85A9-9AA75357CBE7}
	EndGlobalSection
EndGlobal
